<?xml version="1.0" encoding="utf-8"?>
<Project ToolsVersion="4.0" xmlns="http://schemas.microsoft.com/developer/msbuild/2003">
  <ItemGroup>
    <Filter Include="Source Files">
      <UniqueIdentifier>{4FC737F1-C7A5-4376-A066-2A32D752A2FF}</UniqueIdentifier>
      <Extensions>cpp;c;cc;cxx;def;odl;idl;hpj;bat;asm;asmx</Extensions>
    </Filter>
    <Filter Include="Header Files">
      <UniqueIdentifier>{93995380-89BD-4b04-88EB-625FBE52EBFB}</UniqueIdentifier>
      <Extensions>h;hh;hpp;hxx;hm;inl;inc;ipp;xsd</Extensions>
    </Filter>
    <Filter Include="Resource Files">
      <UniqueIdentifier>{67DA6AB6-F800-4c08-8B7A-83BB121AAD01}</UniqueIdentifier>
      <Extensions>rc;ico;cur;bmp;dlg;rc2;rct;bin;rgs;gif;jpg;jpeg;jpe;resx;tiff;tif;png;wav;mfcribbon-ms</Extensions>
    </Filter>
  </ItemGroup>
  <ItemGroup>
    <ClCompile Include="BandStructure.cpp">
      <Filter>Source Files</Filter>
    </ClCompile>
    <ClCompile Include="BandStructureBasis.cpp">
      <Filter>Source Files</Filter>
    </ClCompile>
    <ClCompile Include="ChemUtils.cpp">
      <Filter>Source Files</Filter>
    </ClCompile>
    <ClCompile Include="Pseudopotential.cpp">
      <Filter>Source Files</Filter>
    </ClCompile>
    <ClCompile Include="SymmetryPoints.cpp">
      <Filter>Source Files</Filter>
    </ClCompile>
    <ClCompile Include="Options.cpp">
      <Filter>Source Files</Filter>
    </ClCompile>
    <ClCompile Include="wxVTKRenderWindowInteractor.cxx">
      <Filter>Source Files</Filter>
    </ClCompile>
    <ClCompile Include="Coefficients.cpp">
      <Filter>Source Files</Filter>
    </ClCompile>
    <ClCompile Include="OptionsFrame.cpp">
      <Filter>Source Files</Filter>
    </ClCompile>
    <ClCompile Include="KKRApp.cpp">
      <Filter>Source Files</Filter>
    </ClCompile>
    <ClCompile Include="KKRThread.cpp">
      <Filter>Source Files</Filter>
    </ClCompile>
    <ClCompile Include="KKRFrame.cpp">
      <Filter>Source Files</Filter>
    </ClCompile>
    <ClCompile Include="Lambda.cpp">
      <Filter>Source Files</Filter>
    </ClCompile>
  </ItemGroup>
  <ItemGroup>
    <ClInclude Include="BandStructure.h">
      <Filter>Header Files</Filter>
    </ClInclude>
    <ClInclude Include="BandStructureBasis.h">
      <Filter>Header Files</Filter>
    </ClInclude>
    <ClInclude Include="ChemUtils.h">
      <Filter>Header Files</Filter>
    </ClInclude>
    <ClInclude Include="Numerov.h">
      <Filter>Header Files</Filter>
    </ClInclude>
    <ClInclude Include="Pseudopotential.h">
      <Filter>Header Files</Filter>
    </ClInclude>
    <ClInclude Include="SpecialFunctions.h">
      <Filter>Header Files</Filter>
    </ClInclude>
    <ClInclude Include="SymmetryPoints.h">
      <Filter>Header Files</Filter>
    </ClInclude>
    <ClInclude Include="Vector3D.h">
      <Filter>Header Files</Filter>
    </ClInclude>
    <ClInclude Include="Options.h">
      <Filter>Header Files</Filter>
    </ClInclude>
    <ClInclude Include="wxVTKRenderWindowInteractor.h">
      <Filter>Header Files</Filter>
    </ClInclude>
    <ClInclude Include="Lambda.h">
      <Filter>Header Files</Filter>
    </ClInclude>
    <ClInclude Include="Coefficients.h">
      <Filter>Header Files</Filter>
    </ClInclude>
    <ClInclude Include="OptionsFrame.h">
      <Filter>Header Files</Filter>
    </ClInclude>
    <ClInclude Include="KKRApp.h">
      <Filter>Header Files</Filter>
    </ClInclude>
    <ClInclude Include="KKRThread.h">
      <Filter>Header Files</Filter>
    </ClInclude>
    <ClInclude Include="KKRFrame.h">
      <Filter>Header Files</Filter>
    </ClInclude>
  </ItemGroup>
  <ItemGroup>
    <None Include="Vector3D.inl">
      <Filter>Header Files</Filter>
    </None>
  </ItemGroup>
</Project>